
Microsoft Visual Studio Solution File, Format Version 12.00
# Visual Studio 15
VisualStudioVersion = 15.0.27703.2018
MinimumVisualStudioVersion = 10.0.40219.1
Project("{9A19103F-16F7-4668-BE54-9A1E7A4F7556}") = "MacMickey.DomainModel", "DomainModel\MacMickey.DomainModel.csproj", "{6E62EA1B-C4F9-4EDD-A375-2EDEDEC62892}"
EndProject
Project("{9A19103F-16F7-4668-BE54-9A1E7A4F7556}") = "MacMickey.Dal", "Dal\MacMickey.Dal.csproj", "{DD625E42-E38F-4E47-8B8B-7F9564DA06FD}"
EndProject
Project("{9A19103F-16F7-4668-BE54-9A1E7A4F7556}") = "MacMickey.ConsoleApp", "ConsoleApp\MacMickey.ConsoleApp.csproj", "{70EE4FCD-9C0F-419F-A68C-2E18FA80A59F}"
EndProject
Project("{2150E333-8FDC-42A3-9474-1A3956D46DE8}") = "Data", "Data", "{879D0583-9F92-451D-84A7-E5712FB3E52F}"
EndProject
Project("{2150E333-8FDC-42A3-9474-1A3956D46DE8}") = "UI", "UI", "{3B7433B5-6D44-401D-A380-B50676E64CC4}"
EndProject
Global
	GlobalSection(SolutionConfigurationPlatforms) = preSolution
		Debug|Any CPU = Debug|Any CPU
		Release|Any CPU = Release|Any CPU
	EndGlobalSection
	GlobalSection(ProjectConfigurationPlatforms) = postSolution
		{6E62EA1B-C4F9-4EDD-A375-2EDEDEC62892}.Debug|Any CPU.ActiveCfg = Debug|Any CPU
		{6E62EA1B-C4F9-4EDD-A375-2EDEDEC62892}.Debug|Any CPU.Build.0 = Debug|Any CPU
		{6E62EA1B-C4F9-4EDD-A375-2EDEDEC62892}.Release|Any CPU.ActiveCfg = Release|Any CPU
		{6E62EA1B-C4F9-4EDD-A375-2EDEDEC62892}.Release|Any CPU.Build.0 = Release|Any CPU
		{DD625E42-E38F-4E47-8B8B-7F9564DA06FD}.Debug|Any CPU.ActiveCfg = Debug|Any CPU
		{DD625E42-E38F-4E47-8B8B-7F9564DA06FD}.Debug|Any CPU.Build.0 = Debug|Any CPU
		{DD625E42-E38F-4E47-8B8B-7F9564DA06FD}.Release|Any CPU.ActiveCfg = Release|Any CPU
		{DD625E42-E38F-4E47-8B8B-7F9564DA06FD}.Release|Any CPU.Build.0 = Release|Any CPU
		{70EE4FCD-9C0F-419F-A68C-2E18FA80A59F}.Debug|Any CPU.ActiveCfg = Debug|Any CPU
		{70EE4FCD-9C0F-419F-A68C-2E18FA80A59F}.Debug|Any CPU.Build.0 = Debug|Any CPU
		{70EE4FCD-9C0F-419F-A68C-2E18FA80A59F}.Release|Any CPU.ActiveCfg = Release|Any CPU
		{70EE4FCD-9C0F-419F-A68C-2E18FA80A59F}.Release|Any CPU.Build.0 = Release|Any CPU
	EndGlobalSection
	GlobalSection(SolutionProperties) = preSolution
		HideSolutionNode = FALSE
	EndGlobalSection
	GlobalSection(NestedProjects) = preSolution
		{6E62EA1B-C4F9-4EDD-A375-2EDEDEC62892} = {879D0583-9F92-451D-84A7-E5712FB3E52F}
		{DD625E42-E38F-4E47-8B8B-7F9564DA06FD} = {879D0583-9F92-451D-84A7-E5712FB3E52F}
		{70EE4FCD-9C0F-419F-A68C-2E18FA80A59F} = {3B7433B5-6D44-401D-A380-B50676E64CC4}
	EndGlobalSection
	GlobalSection(ExtensibilityGlobals) = postSolution
		SolutionGuid = {5347C412-E179-4A3E-84FF-25F7666683EF}
	EndGlobalSection
EndGlobal
